<Solution>
  <Folder Name="/src/">
    <Project Path="src/Sotsera.Rafter/Sotsera.Rafter.csproj" />
    <Project Path="src/Sotsera.Rafter.Analyzers/Sotsera.Rafter.Analyzers.csproj" />
  </Folder>
  <Folder Name="/tests/">
    <Project Path="tests/Sotsera.Rafter.Analyzers.Tests/Sotsera.Rafter.Analyzers.Tests.csproj" />
    <Project Path="tests/Sotsera.Rafter.IntegrationTests/Sotsera.Rafter.IntegrationTests.csproj" />
    <Project Path="tests/Sotsera.Rafter.Tests/Sotsera.Rafter.Tests.csproj" />
  </Folder>
  <Folder Name="/test-assets/">
    <Project Path="test-assets/Sotsera.Rafter.ProcessFixture/Sotsera.Rafter.ProcessFixture.csproj" />
    <Project Path="test-assets/Sotsera.Rafter.RunFixture/Sotsera.Rafter.RunFixture.csproj" />
  </Folder>
</Solution>
